{
  "name": "@kasimirjs/app",
  "version": "1.0.0",
  "lockfileVersion": 2,
  "requires": true,
  "packages": {
    "": {
      "name": "@kasimirjs/app",
      "version": "1.0.0",
      "license": "MIT",
      "dependencies": {
        "@kasimirjs/app": "1.0.7",
        "@kasimirjs/embed": "1.0.14",
        "@kasimirjs/kit-bootstrap": "1.0.4",
        "reflect-metadata": "*"
      },
      "devDependencies": {}
    },
    "node_modules/@kasimirjs/app": {
      "version": "1.0.7",
      "resolved": "https://registry.npmjs.org/@kasimirjs/app/-/app-1.0.7.tgz",
      "integrity": "sha512-88DHAHRgCC25ZY2tFaWhDNs2AelDB+P0DaREkRD7Vk2MDArPc5I+j5Alzu9gksw2oxVH7mFxYAzUp7Z1p0LfsA==",
      "dependencies": {
        "@kasimirjs/embed": ">=1.0.7",
        "reflect-metadata": "*"
      }
    },
    "node_modules/@kasimirjs/embed": {
      "version": "1.0.14",
      "resolved": "https://registry.npmjs.org/@kasimirjs/embed/-/embed-1.0.14.tgz",
      "integrity": "sha512-l5Iq7gb6CJcVo6s03lddNqUwc5QrGYtc7HAOKRH4K/FojGHHeKgi860m3XhTIWhhqlW2Rd55e8urBz5YKtlPPQ==",
      "dependencies": {
        "reflect-metadata": "^0.1.13"
      }
    },
    "node_modules/@kasimirjs/kit-bootstrap": {
      "version": "1.0.4",
      "resolved": "https://registry.npmjs.org/@kasimirjs/kit-bootstrap/-/kit-bootstrap-1.0.4.tgz",
      "integrity": "sha512-5ELLrlNcvuKy/BvzvOE7xdkT6QZeFskA4C77jihGf9VxUXcl/vV1e4QgD0b2b0/bZ0kyXehhIRcVa6TEwUeJGg==",
      "dependencies": {
        "@kasimirjs/embed": ">=1.0.7",
        "reflect-metadata": "*"
      }
    },
    "node_modules/reflect-metadata": {
      "version": "0.1.13",
      "resolved": "https://registry.npmjs.org/reflect-metadata/-/reflect-metadata-0.1.13.tgz",
      "integrity": "sha512-Ts1Y/anZELhSsjMcU605fU9RE4Oi3p5ORujwbIKXfWa+0Zxs510Qrmrce5/Jowq3cHSZSJqBjypxmHarc+vEWg=="
    }
  },
  "dependencies": {
    "@kasimirjs/app": {
      "version": "1.0.7",
      "resolved": "https://registry.npmjs.org/@kasimirjs/app/-/app-1.0.7.tgz",
      "integrity": "sha512-88DHAHRgCC25ZY2tFaWhDNs2AelDB+P0DaREkRD7Vk2MDArPc5I+j5Alzu9gksw2oxVH7mFxYAzUp7Z1p0LfsA==",
      "requires": {
        "@kasimirjs/embed": ">=1.0.7",
        "reflect-metadata": "*"
      }
    },
    "@kasimirjs/embed": {
      "version": "1.0.14",
      "resolved": "https://registry.npmjs.org/@kasimirjs/embed/-/embed-1.0.14.tgz",
      "integrity": "sha512-l5Iq7gb6CJcVo6s03lddNqUwc5QrGYtc7HAOKRH4K/FojGHHeKgi860m3XhTIWhhqlW2Rd55e8urBz5YKtlPPQ==",
      "requires": {
        "reflect-metadata": "^0.1.13"
      }
    },
    "@kasimirjs/kit-bootstrap": {
      "version": "1.0.4",
      "resolved": "https://registry.npmjs.org/@kasimirjs/kit-bootstrap/-/kit-bootstrap-1.0.4.tgz",
      "integrity": "sha512-5ELLrlNcvuKy/BvzvOE7xdkT6QZeFskA4C77jihGf9VxUXcl/vV1e4QgD0b2b0/bZ0kyXehhIRcVa6TEwUeJGg==",
      "requires": {
        "@kasimirjs/embed": ">=1.0.7",
        "reflect-metadata": "*"
      }
    },
    "reflect-metadata": {
      "version": "0.1.13",
      "resolved": "https://registry.npmjs.org/reflect-metadata/-/reflect-metadata-0.1.13.tgz",
      "integrity": "sha512-Ts1Y/anZELhSsjMcU605fU9RE4Oi3p5ORujwbIKXfWa+0Zxs510Qrmrce5/Jowq3cHSZSJqBjypxmHarc+vEWg=="
    }
  }
}
