{
  "name": "@kasimirjs/app",
  "version": "1.0.0",
  "lockfileVersion": 2,
  "requires": true,
  "packages": {
    "": {
      "name": "@kasimirjs/app",
      "version": "1.0.0",
      "license": "MIT",
      "workspaces": [
        "workspaces--/*"
      ],
      "dependencies": {
        "@kasimirjs/app": ">=1.0.5",
        "@kasimirjs/embed": ">=1.0.8",
        "@kasimirjs/kit-bootstrap": ">=1.0.4",
        "reflect-metadata": "*"
      },
      "devDependencies": {}
    },
    "node_modules/@kasimirjs/app": {
      "version": "1.0.5",
      "resolved": "https://registry.npmjs.org/@kasimirjs/app/-/app-1.0.5.tgz",
      "integrity": "sha512-6mYYBhifbVl5FC9gjzPRzEUtuTQf+ThMHUaBfMotjYXXpk086Uo3mClivJD2fVmauLzPCt3GsAWtn5/0s+V3wg==",
      "dependencies": {
        "@kasimirjs/embed": ">=1.0.7",
        "reflect-metadata": "*"
      }
    },
    "node_modules/@kasimirjs/embed": {
      "version": "1.0.8",
      "resolved": "https://registry.npmjs.org/@kasimirjs/embed/-/embed-1.0.8.tgz",
      "integrity": "sha512-hjfSUVXrS/rDsqpQSgMWKGcV+BnT+BiUDLuLtck7KaCj+A3Tjt7c1WfFiZnVG35OLNLbU6dnJfeiC+UCkOwh1A==",
      "dependencies": {
        "reflect-metadata": "^0.1.13"
      }
    },
    "node_modules/@kasimirjs/kit-bootstrap": {
      "version": "1.0.4",
      "resolved": "https://registry.npmjs.org/@kasimirjs/kit-bootstrap/-/kit-bootstrap-1.0.4.tgz",
      "integrity": "sha512-5ELLrlNcvuKy/BvzvOE7xdkT6QZeFskA4C77jihGf9VxUXcl/vV1e4QgD0b2b0/bZ0kyXehhIRcVa6TEwUeJGg==",
      "dependencies": {
        "@kasimirjs/embed": ">=1.0.7",
        "reflect-metadata": "*"
      }
    },
    "node_modules/reflect-metadata": {
      "version": "0.1.13",
      "resolved": "https://registry.npmjs.org/reflect-metadata/-/reflect-metadata-0.1.13.tgz",
      "integrity": "sha512-Ts1Y/anZELhSsjMcU605fU9RE4Oi3p5ORujwbIKXfWa+0Zxs510Qrmrce5/Jowq3cHSZSJqBjypxmHarc+vEWg=="
    }
  },
  "dependencies": {
    "@kasimirjs/app": {
      "version": "1.0.5",
      "resolved": "https://registry.npmjs.org/@kasimirjs/app/-/app-1.0.5.tgz",
      "integrity": "sha512-6mYYBhifbVl5FC9gjzPRzEUtuTQf+ThMHUaBfMotjYXXpk086Uo3mClivJD2fVmauLzPCt3GsAWtn5/0s+V3wg==",
      "requires": {
        "@kasimirjs/embed": ">=1.0.7",
        "reflect-metadata": "*"
      }
    },
    "@kasimirjs/embed": {
      "version": "1.0.8",
      "resolved": "https://registry.npmjs.org/@kasimirjs/embed/-/embed-1.0.8.tgz",
      "integrity": "sha512-hjfSUVXrS/rDsqpQSgMWKGcV+BnT+BiUDLuLtck7KaCj+A3Tjt7c1WfFiZnVG35OLNLbU6dnJfeiC+UCkOwh1A==",
      "requires": {
        "reflect-metadata": "^0.1.13"
      }
    },
    "@kasimirjs/kit-bootstrap": {
      "version": "1.0.4",
      "resolved": "https://registry.npmjs.org/@kasimirjs/kit-bootstrap/-/kit-bootstrap-1.0.4.tgz",
      "integrity": "sha512-5ELLrlNcvuKy/BvzvOE7xdkT6QZeFskA4C77jihGf9VxUXcl/vV1e4QgD0b2b0/bZ0kyXehhIRcVa6TEwUeJGg==",
      "requires": {
        "@kasimirjs/embed": ">=1.0.7",
        "reflect-metadata": "*"
      }
    },
    "reflect-metadata": {
      "version": "0.1.13",
      "resolved": "https://registry.npmjs.org/reflect-metadata/-/reflect-metadata-0.1.13.tgz",
      "integrity": "sha512-Ts1Y/anZELhSsjMcU605fU9RE4Oi3p5ORujwbIKXfWa+0Zxs510Qrmrce5/Jowq3cHSZSJqBjypxmHarc+vEWg=="
    }
  }
}
